
Microsoft Visual Studio Solution File, Format Version 12.00
# Visual Studio Version 17
VisualStudioVersion = 17.0.31903.59
MinimumVisualStudioVersion = 10.0.40219.1
Project("{2150E333-8FDC-42A3-9474-1A3956D46DE8}") = "src", "src", "{C13008B5-C507-48A4-97F6-6DAB99E88065}"
EndProject
Project("{FAE04EC0-301F-11D3-BF4B-00C04F79EFBC}") = "Fugu.Core", "src\Fugu.Core\Fugu.Core.csproj", "{19854082-3046-4BCD-B0D5-9CCF11327DB9}"
EndProject
Global
	GlobalSection(SolutionConfigurationPlatforms) = preSolution
		Debug|Any CPU = Debug|Any CPU
		Release|Any CPU = Release|Any CPU
	EndGlobalSection
	GlobalSection(ProjectConfigurationPlatforms) = postSolution
		{19854082-3046-4BCD-B0D5-9CCF11327DB9}.Debug|Any CPU.ActiveCfg = Debug|Any CPU
		{19854082-3046-4BCD-B0D5-9CCF11327DB9}.Debug|Any CPU.Build.0 = Debug|Any CPU
		{19854082-3046-4BCD-B0D5-9CCF11327DB9}.Release|Any CPU.ActiveCfg = Release|Any CPU
		{19854082-3046-4BCD-B0D5-9CCF11327DB9}.Release|Any CPU.Build.0 = Release|Any CPU
	EndGlobalSection
	GlobalSection(SolutionProperties) = preSolution
		HideSolutionNode = FALSE
	EndGlobalSection
	GlobalSection(NestedProjects) = preSolution
		{19854082-3046-4BCD-B0D5-9CCF11327DB9} = {C13008B5-C507-48A4-97F6-6DAB99E88065}
	EndGlobalSection
	GlobalSection(ExtensibilityGlobals) = postSolution
		SolutionGuid = {DA9A8CAC-198D-4025-B397-68DF6ECADE26}
	EndGlobalSection
EndGlobal
